
Microsoft Visual Studio Solution File, Format Version 12.00
# Visual Studio Version 17
VisualStudioVersion = 17.0.31903.59
MinimumVisualStudioVersion = 10.0.40219.1
Project("{2150E333-8FDC-42A3-9474-1A3956D46DE8}") = "src", "src", "{12F38F1D-A6CA-4F78-8501-BB3ADD8E861D}"
EndProject
Project("{2150E333-8FDC-42A3-9474-1A3956D46DE8}") = "BuildingBlocks", "BuildingBlocks", "{7348EDDA-5353-4EBD-9902-9A489FB5BFC7}"
EndProject
Project("{FAE04EC0-301F-11D3-BF4B-00C04F79EFBC}") = "BuildingBlocks", "src\BuildingBlocks\BuildingBlocks\BuildingBlocks.csproj", "{32B356E6-A2FD-4F72-AE4B-C181336317C8}"
EndProject
Project("{2150E333-8FDC-42A3-9474-1A3956D46DE8}") = "Services", "Services", "{FD4DAACA-7B4F-4C30-8672-D9A84A36A253}"
EndProject
Project("{2150E333-8FDC-42A3-9474-1A3956D46DE8}") = "Catalog", "Catalog", "{24EE145F-4747-4E3B-8307-2A2387DF4980}"
EndProject
Project("{FAE04EC0-301F-11D3-BF4B-00C04F79EFBC}") = "Catalog.Api", "src\Services\Catalog\Catalog.Api\Catalog.Api.csproj", "{D1BC7CB7-56E7-4B4C-9FD1-F81FBF8B4FEA}"
EndProject
Project("{2150E333-8FDC-42A3-9474-1A3956D46DE8}") = "Basket", "Basket", "{BD783E63-88A9-4236-86EE-B87B85CB1EE7}"
EndProject
Project("{FAE04EC0-301F-11D3-BF4B-00C04F79EFBC}") = "Basket.Api", "src\Services\Basket\Basket.Api\Basket.Api.csproj", "{AAF36143-8CDB-4976-A8FB-FE6ED6623B44}"
EndProject
Project("{2150E333-8FDC-42A3-9474-1A3956D46DE8}") = "Discount", "Discount", "{D565A61E-AFFC-4FED-B1A5-9BA41CE08093}"
EndProject
Project("{FAE04EC0-301F-11D3-BF4B-00C04F79EFBC}") = "Discount.Grpc", "src\Services\Discount\Discount.Grpc\Discount.Grpc.csproj", "{A5A93663-5252-482F-87B7-1C9A7B46B4A7}"
EndProject
Project("{2150E333-8FDC-42A3-9474-1A3956D46DE8}") = "Ordering", "Ordering", "{FDC81C34-7F55-4F55-B0B7-FEAEE73142A3}"
EndProject
Project("{FAE04EC0-301F-11D3-BF4B-00C04F79EFBC}") = "Ordering.Api", "src\Services\Ordering\Ordering.Api\Ordering.Api.csproj", "{9A0BD1F8-2E38-4400-B2B0-9A8A24F2E76A}"
EndProject
Project("{FAE04EC0-301F-11D3-BF4B-00C04F79EFBC}") = "Ordering.Application", "src\Services\Ordering\Ordering.Application\Ordering.Application.csproj", "{173AD80E-8D0B-4B33-B123-BDB3E2F6399A}"
EndProject
Project("{FAE04EC0-301F-11D3-BF4B-00C04F79EFBC}") = "Ordering.Domain", "src\Services\Ordering\Ordering.Domain\Ordering.Domain.csproj", "{84153117-54CB-4A69-B91B-4E86D0EDAAD1}"
EndProject
Project("{FAE04EC0-301F-11D3-BF4B-00C04F79EFBC}") = "Ordering.Infrastructure", "src\Services\Ordering\Ordering.Infrastructure\Ordering.Infrastructure.csproj", "{511826F5-36E8-4164-BE8D-5403DFCDDEE8}"
EndProject
Global
	GlobalSection(SolutionConfigurationPlatforms) = preSolution
		Debug|Any CPU = Debug|Any CPU
		Release|Any CPU = Release|Any CPU
	EndGlobalSection
	GlobalSection(SolutionProperties) = preSolution
		HideSolutionNode = FALSE
	EndGlobalSection
	GlobalSection(ProjectConfigurationPlatforms) = postSolution
		{32B356E6-A2FD-4F72-AE4B-C181336317C8}.Debug|Any CPU.ActiveCfg = Debug|Any CPU
		{32B356E6-A2FD-4F72-AE4B-C181336317C8}.Debug|Any CPU.Build.0 = Debug|Any CPU
		{32B356E6-A2FD-4F72-AE4B-C181336317C8}.Release|Any CPU.ActiveCfg = Release|Any CPU
		{32B356E6-A2FD-4F72-AE4B-C181336317C8}.Release|Any CPU.Build.0 = Release|Any CPU
		{D1BC7CB7-56E7-4B4C-9FD1-F81FBF8B4FEA}.Debug|Any CPU.ActiveCfg = Debug|Any CPU
		{D1BC7CB7-56E7-4B4C-9FD1-F81FBF8B4FEA}.Debug|Any CPU.Build.0 = Debug|Any CPU
		{D1BC7CB7-56E7-4B4C-9FD1-F81FBF8B4FEA}.Release|Any CPU.ActiveCfg = Release|Any CPU
		{D1BC7CB7-56E7-4B4C-9FD1-F81FBF8B4FEA}.Release|Any CPU.Build.0 = Release|Any CPU
		{AAF36143-8CDB-4976-A8FB-FE6ED6623B44}.Debug|Any CPU.ActiveCfg = Debug|Any CPU
		{AAF36143-8CDB-4976-A8FB-FE6ED6623B44}.Debug|Any CPU.Build.0 = Debug|Any CPU
		{AAF36143-8CDB-4976-A8FB-FE6ED6623B44}.Release|Any CPU.ActiveCfg = Release|Any CPU
		{AAF36143-8CDB-4976-A8FB-FE6ED6623B44}.Release|Any CPU.Build.0 = Release|Any CPU
		{A5A93663-5252-482F-87B7-1C9A7B46B4A7}.Debug|Any CPU.ActiveCfg = Debug|Any CPU
		{A5A93663-5252-482F-87B7-1C9A7B46B4A7}.Debug|Any CPU.Build.0 = Debug|Any CPU
		{A5A93663-5252-482F-87B7-1C9A7B46B4A7}.Release|Any CPU.ActiveCfg = Release|Any CPU
		{A5A93663-5252-482F-87B7-1C9A7B46B4A7}.Release|Any CPU.Build.0 = Release|Any CPU
		{9A0BD1F8-2E38-4400-B2B0-9A8A24F2E76A}.Debug|Any CPU.ActiveCfg = Debug|Any CPU
		{9A0BD1F8-2E38-4400-B2B0-9A8A24F2E76A}.Debug|Any CPU.Build.0 = Debug|Any CPU
		{9A0BD1F8-2E38-4400-B2B0-9A8A24F2E76A}.Release|Any CPU.ActiveCfg = Release|Any CPU
		{9A0BD1F8-2E38-4400-B2B0-9A8A24F2E76A}.Release|Any CPU.Build.0 = Release|Any CPU
		{173AD80E-8D0B-4B33-B123-BDB3E2F6399A}.Debug|Any CPU.ActiveCfg = Debug|Any CPU
		{173AD80E-8D0B-4B33-B123-BDB3E2F6399A}.Debug|Any CPU.Build.0 = Debug|Any CPU
		{173AD80E-8D0B-4B33-B123-BDB3E2F6399A}.Release|Any CPU.ActiveCfg = Release|Any CPU
		{173AD80E-8D0B-4B33-B123-BDB3E2F6399A}.Release|Any CPU.Build.0 = Release|Any CPU
		{84153117-54CB-4A69-B91B-4E86D0EDAAD1}.Debug|Any CPU.ActiveCfg = Debug|Any CPU
		{84153117-54CB-4A69-B91B-4E86D0EDAAD1}.Debug|Any CPU.Build.0 = Debug|Any CPU
		{84153117-54CB-4A69-B91B-4E86D0EDAAD1}.Release|Any CPU.ActiveCfg = Release|Any CPU
		{84153117-54CB-4A69-B91B-4E86D0EDAAD1}.Release|Any CPU.Build.0 = Release|Any CPU
		{511826F5-36E8-4164-BE8D-5403DFCDDEE8}.Debug|Any CPU.ActiveCfg = Debug|Any CPU
		{511826F5-36E8-4164-BE8D-5403DFCDDEE8}.Debug|Any CPU.Build.0 = Debug|Any CPU
		{511826F5-36E8-4164-BE8D-5403DFCDDEE8}.Release|Any CPU.ActiveCfg = Release|Any CPU
		{511826F5-36E8-4164-BE8D-5403DFCDDEE8}.Release|Any CPU.Build.0 = Release|Any CPU
	EndGlobalSection
	GlobalSection(NestedProjects) = preSolution
		{7348EDDA-5353-4EBD-9902-9A489FB5BFC7} = {12F38F1D-A6CA-4F78-8501-BB3ADD8E861D}
		{32B356E6-A2FD-4F72-AE4B-C181336317C8} = {7348EDDA-5353-4EBD-9902-9A489FB5BFC7}
		{FD4DAACA-7B4F-4C30-8672-D9A84A36A253} = {12F38F1D-A6CA-4F78-8501-BB3ADD8E861D}
		{24EE145F-4747-4E3B-8307-2A2387DF4980} = {FD4DAACA-7B4F-4C30-8672-D9A84A36A253}
		{D1BC7CB7-56E7-4B4C-9FD1-F81FBF8B4FEA} = {24EE145F-4747-4E3B-8307-2A2387DF4980}
		{BD783E63-88A9-4236-86EE-B87B85CB1EE7} = {FD4DAACA-7B4F-4C30-8672-D9A84A36A253}
		{AAF36143-8CDB-4976-A8FB-FE6ED6623B44} = {BD783E63-88A9-4236-86EE-B87B85CB1EE7}
		{D565A61E-AFFC-4FED-B1A5-9BA41CE08093} = {FD4DAACA-7B4F-4C30-8672-D9A84A36A253}
		{A5A93663-5252-482F-87B7-1C9A7B46B4A7} = {D565A61E-AFFC-4FED-B1A5-9BA41CE08093}
		{FDC81C34-7F55-4F55-B0B7-FEAEE73142A3} = {FD4DAACA-7B4F-4C30-8672-D9A84A36A253}
		{9A0BD1F8-2E38-4400-B2B0-9A8A24F2E76A} = {FDC81C34-7F55-4F55-B0B7-FEAEE73142A3}
		{173AD80E-8D0B-4B33-B123-BDB3E2F6399A} = {FDC81C34-7F55-4F55-B0B7-FEAEE73142A3}
		{84153117-54CB-4A69-B91B-4E86D0EDAAD1} = {FDC81C34-7F55-4F55-B0B7-FEAEE73142A3}
		{511826F5-36E8-4164-BE8D-5403DFCDDEE8} = {FDC81C34-7F55-4F55-B0B7-FEAEE73142A3}
	EndGlobalSection
EndGlobal
